
Microsoft Visual Studio Solution File, Format Version 11.00
# Visual C# Express 2010
Project("{FAE04EC0-301F-11D3-BF4B-00C04F79EFBC}") = "csharp_server", "csharp_server.csproj", "{569EB0E4-78EC-493F-8AF4-B5C324206205}"
EndProject
Global
	GlobalSection(SolutionConfigurationPlatforms) = preSolution
		Debug|x86 = Debug|x86
		Release|x86 = Release|x86
	EndGlobalSection
	GlobalSection(ProjectConfigurationPlatforms) = postSolution
		{569EB0E4-78EC-493F-8AF4-B5C324206205}.Debug|x86.ActiveCfg = Debug|x86
		{569EB0E4-78EC-493F-8AF4-B5C324206205}.Debug|x86.Build.0 = Debug|x86
		{569EB0E4-78EC-493F-8AF4-B5C324206205}.Release|x86.ActiveCfg = Release|x86
		{569EB0E4-78EC-493F-8AF4-B5C324206205}.Release|x86.Build.0 = Release|x86
	EndGlobalSection
	GlobalSection(SolutionProperties) = preSolution
		HideSolutionNode = FALSE
	EndGlobalSection
EndGlobal
